// !$*UTF8*$!
{
	archiveVersion = 1;
	classes = {
	};
	objectVersion = 50;
	objects = {

/* Begin PBXBuildFile section */
		419B4776ED0418D52F1B247C /* Pods_PixEngine_Test.framework in Frameworks */ = {isa = PBXBuildFile; fileRef = 82CFA97E74612E490E690F1B /* Pods_PixEngine_Test.framework */; };
		DA92B33F246335CE00522899 /* Fonts in Resources */ = {isa = PBXBuildFile; fileRef = DA92B33B246335CD00522899 /* Fonts */; };
		DA92B340246335CE00522899 /* Scripts in Resources */ = {isa = PBXBuildFile; fileRef = DA92B33C246335CE00522899 /* Scripts */; };
		DA92B341246335CE00522899 /* Textures in Resources */ = {isa = PBXBuildFile; fileRef = DA92B33D246335CE00522899 /* Textures */; };
		DA92B342246335CE00522899 /* Descriptors in Resources */ = {isa = PBXBuildFile; fileRef = DA92B33E246335CE00522899 /* Descriptors */; };
		DAA6077A243E86CA00D0E349 /* AppDelegate.swift in Sources */ = {isa = PBXBuildFile; fileRef = DAA60779243E86CA00D0E349 /* AppDelegate.swift */; };
		DAA6077C243E86CA00D0E349 /* SceneDelegate.swift in Sources */ = {isa = PBXBuildFile; fileRef = DAA6077B243E86CA00D0E349 /* SceneDelegate.swift */; };
		DAA6077E243E86CA00D0E349 /* ViewController.swift in Sources */ = {isa = PBXBuildFile; fileRef = DAA6077D243E86CA00D0E349 /* ViewController.swift */; };
		DAA60781243E86CA00D0E349 /* Main.storyboard in Resources */ = {isa = PBXBuildFile; fileRef = DAA6077F243E86CA00D0E349 /* Main.storyboard */; };
		DAA60783243E86CC00D0E349 /* Assets.xcassets in Resources */ = {isa = PBXBuildFile; fileRef = DAA60782243E86CC00D0E349 /* Assets.xcassets */; };
		DAA60786243E86CC00D0E349 /* LaunchScreen.storyboard in Resources */ = {isa = PBXBuildFile; fileRef = DAA60784243E86CC00D0E349 /* LaunchScreen.storyboard */; };
		DAA607BF243E873A00D0E349 /* PixeNgine.framework in Frameworks */ = {isa = PBXBuildFile; fileRef = DAA607BE243E873A00D0E349 /* PixeNgine.framework */; };
		DAA607C0243E873A00D0E349 /* PixeNgine.framework in Embed Frameworks */ = {isa = PBXBuildFile; fileRef = DAA607BE243E873A00D0E349 /* PixeNgine.framework */; settings = {ATTRIBUTES = (CodeSignOnCopy, RemoveHeadersOnCopy, ); }; };
		DAC5DDA124546A5500FFD590 /* Projectile.swift in Sources */ = {isa = PBXBuildFile; fileRef = DAC5DDA024546A5500FFD590 /* Projectile.swift */; };
		DAC5DDAA2454ADF700FFD590 /* GameContext.swift in Sources */ = {isa = PBXBuildFile; fileRef = DAC5DDA92454ADF700FFD590 /* GameContext.swift */; };
		DAC5DDAC2454B0BA00FFD590 /* Collider.swift in Sources */ = {isa = PBXBuildFile; fileRef = DAC5DDAB2454B0BA00FFD590 /* Collider.swift */; };
		DAD4A19D2450CF390061167E /* Character.swift in Sources */ = {isa = PBXBuildFile; fileRef = DAD4A19C2450CF390061167E /* Character.swift */; };
		DAD4A1A22450D37E0061167E /* HUDController.swift in Sources */ = {isa = PBXBuildFile; fileRef = DAD4A1A12450D37E0061167E /* HUDController.swift */; };
		DAF1199C2446452900208974 /* TestGame.swift in Sources */ = {isa = PBXBuildFile; fileRef = DAF1199B2446452900208974 /* TestGame.swift */; };
/* End PBXBuildFile section */

/* Begin PBXCopyFilesBuildPhase section */
		DAA607C1243E873A00D0E349 /* Embed Frameworks */ = {
			isa = PBXCopyFilesBuildPhase;
			buildActionMask = 2147483647;
			dstPath = "";
			dstSubfolderSpec = 10;
			files = (
				DAA607C0243E873A00D0E349 /* PixeNgine.framework in Embed Frameworks */,
			);
			name = "Embed Frameworks";
			runOnlyForDeploymentPostprocessing = 0;
		};
/* End PBXCopyFilesBuildPhase section */

/* Begin PBXFileReference section */
		6C916F436360BA940B62254D /* Pods-PixEngine-Test.debug.xcconfig */ = {isa = PBXFileReference; includeInIndex = 1; lastKnownFileType = text.xcconfig; name = "Pods-PixEngine-Test.debug.xcconfig"; path = "Target Support Files/Pods-PixEngine-Test/Pods-PixEngine-Test.debug.xcconfig"; sourceTree = "<group>"; };
		82CFA97E74612E490E690F1B /* Pods_PixEngine_Test.framework */ = {isa = PBXFileReference; explicitFileType = wrapper.framework; includeInIndex = 0; path = Pods_PixEngine_Test.framework; sourceTree = BUILT_PRODUCTS_DIR; };
		DA92B33B246335CD00522899 /* Fonts */ = {isa = PBXFileReference; lastKnownFileType = folder; name = Fonts; path = Resources/Fonts; sourceTree = "<group>"; };
		DA92B33C246335CE00522899 /* Scripts */ = {isa = PBXFileReference; lastKnownFileType = folder; name = Scripts; path = Resources/Scripts; sourceTree = "<group>"; };
		DA92B33D246335CE00522899 /* Textures */ = {isa = PBXFileReference; lastKnownFileType = folder; name = Textures; path = Resources/Textures; sourceTree = "<group>"; };
		DA92B33E246335CE00522899 /* Descriptors */ = {isa = PBXFileReference; lastKnownFileType = folder; name = Descriptors; path = Resources/Descriptors; sourceTree = "<group>"; };
		DAA60776243E86CA00D0E349 /* PixEngine-Test.app */ = {isa = PBXFileReference; explicitFileType = wrapper.application; includeInIndex = 0; path = "PixEngine-Test.app"; sourceTree = BUILT_PRODUCTS_DIR; };
		DAA60779243E86CA00D0E349 /* AppDelegate.swift */ = {isa = PBXFileReference; lastKnownFileType = sourcecode.swift; path = AppDelegate.swift; sourceTree = "<group>"; };
		DAA6077B243E86CA00D0E349 /* SceneDelegate.swift */ = {isa = PBXFileReference; lastKnownFileType = sourcecode.swift; path = SceneDelegate.swift; sourceTree = "<group>"; };
		DAA6077D243E86CA00D0E349 /* ViewController.swift */ = {isa = PBXFileReference; lastKnownFileType = sourcecode.swift; path = ViewController.swift; sourceTree = "<group>"; };
		DAA60780243E86CA00D0E349 /* Base */ = {isa = PBXFileReference; lastKnownFileType = file.storyboard; name = Base; path = Base.lproj/Main.storyboard; sourceTree = "<group>"; };
		DAA60782243E86CC00D0E349 /* Assets.xcassets */ = {isa = PBXFileReference; lastKnownFileType = folder.assetcatalog; path = Assets.xcassets; sourceTree = "<group>"; };
		DAA60785243E86CC00D0E349 /* Base */ = {isa = PBXFileReference; lastKnownFileType = file.storyboard; name = Base; path = Base.lproj/LaunchScreen.storyboard; sourceTree = "<group>"; };
		DAA60787243E86CC00D0E349 /* Info.plist */ = {isa = PBXFileReference; lastKnownFileType = text.plist.xml; path = Info.plist; sourceTree = "<group>"; };
		DAA607BE243E873A00D0E349 /* PixeNgine.framework */ = {isa = PBXFileReference; explicitFileType = wrapper.framework; path = PixeNgine.framework; sourceTree = BUILT_PRODUCTS_DIR; };
		DAC5DDA024546A5500FFD590 /* Projectile.swift */ = {isa = PBXFileReference; lastKnownFileType = sourcecode.swift; path = Projectile.swift; sourceTree = "<group>"; };
		DAC5DDA92454ADF700FFD590 /* GameContext.swift */ = {isa = PBXFileReference; lastKnownFileType = sourcecode.swift; path = GameContext.swift; sourceTree = "<group>"; };
		DAC5DDAB2454B0BA00FFD590 /* Collider.swift */ = {isa = PBXFileReference; lastKnownFileType = sourcecode.swift; path = Collider.swift; sourceTree = "<group>"; };
		DAD4A19C2450CF390061167E /* Character.swift */ = {isa = PBXFileReference; lastKnownFileType = sourcecode.swift; path = Character.swift; sourceTree = "<group>"; };
		DAD4A1A12450D37E0061167E /* HUDController.swift */ = {isa = PBXFileReference; lastKnownFileType = sourcecode.swift; path = HUDController.swift; sourceTree = "<group>"; };
		DAF1199B2446452900208974 /* TestGame.swift */ = {isa = PBXFileReference; lastKnownFileType = sourcecode.swift; path = TestGame.swift; sourceTree = "<group>"; };
		DAF657DF2460D86E00453FDA /* Lua.framework */ = {isa = PBXFileReference; explicitFileType = wrapper.framework; path = Lua.framework; sourceTree = BUILT_PRODUCTS_DIR; };
		DAF657E22460D88A00453FDA /* Pods_PixeNgine.framework */ = {isa = PBXFileReference; explicitFileType = wrapper.framework; path = Pods_PixeNgine.framework; sourceTree = BUILT_PRODUCTS_DIR; };
		DAF657E52460D92D00453FDA /* Lua.framework */ = {isa = PBXFileReference; explicitFileType = wrapper.framework; path = Lua.framework; sourceTree = BUILT_PRODUCTS_DIR; };
		EB223A8A20A15A8A5412B774 /* Pods-PixEngine-Test.release.xcconfig */ = {isa = PBXFileReference; includeInIndex = 1; lastKnownFileType = text.xcconfig; name = "Pods-PixEngine-Test.release.xcconfig"; path = "Target Support Files/Pods-PixEngine-Test/Pods-PixEngine-Test.release.xcconfig"; sourceTree = "<group>"; };
/* End PBXFileReference section */

/* Begin PBXFrameworksBuildPhase section */
		DAA60773243E86CA00D0E349 /* Frameworks */ = {
			isa = PBXFrameworksBuildPhase;
			buildActionMask = 2147483647;
			files = (
				DAA607BF243E873A00D0E349 /* PixeNgine.framework in Frameworks */,
				419B4776ED0418D52F1B247C /* Pods_PixEngine_Test.framework in Frameworks */,
			);
			runOnlyForDeploymentPostprocessing = 0;
		};
/* End PBXFrameworksBuildPhase section */

/* Begin PBXGroup section */
		95AE3A70497B4D74855EBF50 /* Pods */ = {
			isa = PBXGroup;
			children = (
				6C916F436360BA940B62254D /* Pods-PixEngine-Test.debug.xcconfig */,
				EB223A8A20A15A8A5412B774 /* Pods-PixEngine-Test.release.xcconfig */,
			);
			name = Pods;
			path = ../PixeNgine/Pods;
			sourceTree = "<group>";
		};
		DA92B3162463359500522899 /* Resources */ = {
			isa = PBXGroup;
			children = (
				DA92B33E246335CE00522899 /* Descriptors */,
				DA92B33B246335CD00522899 /* Fonts */,
				DA92B33C246335CE00522899 /* Scripts */,
				DA92B33D246335CE00522899 /* Textures */,
			);
			name = Resources;
			path = "../PixEngine-Test/Resources";
			sourceTree = "<group>";
		};
		DAA6076D243E86CA00D0E349 = {
			isa = PBXGroup;
			children = (
				DA92B3162463359500522899 /* Resources */,
				DAA60778243E86CA00D0E349 /* PixEngine-Test */,
				DAA60777243E86CA00D0E349 /* Products */,
				DAA607BD243E873A00D0E349 /* Frameworks */,
				95AE3A70497B4D74855EBF50 /* Pods */,
			);
			sourceTree = "<group>";
		};
		DAA60777243E86CA00D0E349 /* Products */ = {
			isa = PBXGroup;
			children = (
				DAA60776243E86CA00D0E349 /* PixEngine-Test.app */,
			);
			name = Products;
			sourceTree = "<group>";
		};
		DAA60778243E86CA00D0E349 /* PixEngine-Test */ = {
			isa = PBXGroup;
			children = (
				DAD4A19B2450CF280061167E /* Game */,
				DAA60779243E86CA00D0E349 /* AppDelegate.swift */,
				DAA6077B243E86CA00D0E349 /* SceneDelegate.swift */,
				DAA6077D243E86CA00D0E349 /* ViewController.swift */,
				DAA6077F243E86CA00D0E349 /* Main.storyboard */,
				DAA60782243E86CC00D0E349 /* Assets.xcassets */,
				DAA60784243E86CC00D0E349 /* LaunchScreen.storyboard */,
				DAA60787243E86CC00D0E349 /* Info.plist */,
			);
			path = "PixEngine-Test";
			sourceTree = "<group>";
		};
		DAA607BD243E873A00D0E349 /* Frameworks */ = {
			isa = PBXGroup;
			children = (
				DAF657E52460D92D00453FDA /* Lua.framework */,
				DAF657E22460D88A00453FDA /* Pods_PixeNgine.framework */,
				DAF657DF2460D86E00453FDA /* Lua.framework */,
				DAA607BE243E873A00D0E349 /* PixeNgine.framework */,
				82CFA97E74612E490E690F1B /* Pods_PixEngine_Test.framework */,
			);
			name = Frameworks;
			sourceTree = "<group>";
		};
		DAD4A19B2450CF280061167E /* Game */ = {
			isa = PBXGroup;
			children = (
				DAD4A1A02450D3570061167E /* Components */,
				DAF1199B2446452900208974 /* TestGame.swift */,
				DAD4A19C2450CF390061167E /* Character.swift */,
				DAC5DDA024546A5500FFD590 /* Projectile.swift */,
				DAC5DDA92454ADF700FFD590 /* GameContext.swift */,
			);
			path = Game;
			sourceTree = "<group>";
		};
		DAD4A1A02450D3570061167E /* Components */ = {
			isa = PBXGroup;
			children = (
				DAD4A1A12450D37E0061167E /* HUDController.swift */,
				DAC5DDAB2454B0BA00FFD590 /* Collider.swift */,
			);
			path = Components;
			sourceTree = "<group>";
		};
/* End PBXGroup section */

/* Begin PBXNativeTarget section */
		DAA60775243E86CA00D0E349 /* PixEngine-Test */ = {
			isa = PBXNativeTarget;
			buildConfigurationList = DAA6078A243E86CC00D0E349 /* Build configuration list for PBXNativeTarget "PixEngine-Test" */;
			buildPhases = (
				0C87F2B3850BF17BC29EFBFF /* [CP] Check Pods Manifest.lock */,
				DAA60772243E86CA00D0E349 /* Sources */,
				DAA60773243E86CA00D0E349 /* Frameworks */,
				DAA60774243E86CA00D0E349 /* Resources */,
				DAA607C1243E873A00D0E349 /* Embed Frameworks */,
			);
			buildRules = (
			);
			dependencies = (
			);
			name = "PixEngine-Test";
			productName = "PixEngine-Test";
			productReference = DAA60776243E86CA00D0E349 /* PixEngine-Test.app */;
			productType = "com.apple.product-type.application";
		};
/* End PBXNativeTarget section */

/* Begin PBXProject section */
		DAA6076E243E86CA00D0E349 /* Project object */ = {
			isa = PBXProject;
			attributes = {
				LastSwiftUpdateCheck = 1140;
				LastUpgradeCheck = 1140;
				ORGANIZATIONNAME = "Andrii Zinoviev";
				TargetAttributes = {
					DAA60775243E86CA00D0E349 = {
						CreatedOnToolsVersion = 11.4;
					};
				};
			};
			buildConfigurationList = DAA60771243E86CA00D0E349 /* Build configuration list for PBXProject "PixeNgine-Test" */;
			compatibilityVersion = "Xcode 9.3";
			developmentRegion = en;
			hasScannedForEncodings = 0;
			knownRegions = (
				en,
				Base,
			);
			mainGroup = DAA6076D243E86CA00D0E349;
			productRefGroup = DAA60777243E86CA00D0E349 /* Products */;
			projectDirPath = "";
			projectRoot = "";
			targets = (
				DAA60775243E86CA00D0E349 /* PixEngine-Test */,
			);
		};
/* End PBXProject section */

/* Begin PBXResourcesBuildPhase section */
		DAA60774243E86CA00D0E349 /* Resources */ = {
			isa = PBXResourcesBuildPhase;
			buildActionMask = 2147483647;
			files = (
				DA92B341246335CE00522899 /* Textures in Resources */,
				DAA60786243E86CC00D0E349 /* LaunchScreen.storyboard in Resources */,
				DA92B340246335CE00522899 /* Scripts in Resources */,
				DAA60783243E86CC00D0E349 /* Assets.xcassets in Resources */,
				DA92B342246335CE00522899 /* Descriptors in Resources */,
				DAA60781243E86CA00D0E349 /* Main.storyboard in Resources */,
				DA92B33F246335CE00522899 /* Fonts in Resources */,
			);
			runOnlyForDeploymentPostprocessing = 0;
		};
/* End PBXResourcesBuildPhase section */

/* Begin PBXShellScriptBuildPhase section */
		0C87F2B3850BF17BC29EFBFF /* [CP] Check Pods Manifest.lock */ = {
			isa = PBXShellScriptBuildPhase;
			buildActionMask = 2147483647;
			files = (
			);
			inputFileListPaths = (
			);
			inputPaths = (
				"${PODS_PODFILE_DIR_PATH}/Podfile.lock",
				"${PODS_ROOT}/Manifest.lock",
			);
			name = "[CP] Check Pods Manifest.lock";
			outputFileListPaths = (
			);
			outputPaths = (
				"$(DERIVED_FILE_DIR)/Pods-PixEngine-Test-checkManifestLockResult.txt",
			);
			runOnlyForDeploymentPostprocessing = 0;
			shellPath = /bin/sh;
			shellScript = "diff \"${PODS_PODFILE_DIR_PATH}/Podfile.lock\" \"${PODS_ROOT}/Manifest.lock\" > /dev/null\nif [ $? != 0 ] ; then\n    # print error to STDERR\n    echo \"error: The sandbox is not in sync with the Podfile.lock. Run 'pod install' or update your CocoaPods installation.\" >&2\n    exit 1\nfi\n# This output is used by Xcode 'outputs' to avoid re-running this script phase.\necho \"SUCCESS\" > \"${SCRIPT_OUTPUT_FILE_0}\"\n";
			showEnvVarsInLog = 0;
		};
/* End PBXShellScriptBuildPhase section */

/* Begin PBXSourcesBuildPhase section */
		DAA60772243E86CA00D0E349 /* Sources */ = {
			isa = PBXSourcesBuildPhase;
			buildActionMask = 2147483647;
			files = (
				DAA6077E243E86CA00D0E349 /* ViewController.swift in Sources */,
				DAA6077A243E86CA00D0E349 /* AppDelegate.swift in Sources */,
				DAC5DDAC2454B0BA00FFD590 /* Collider.swift in Sources */,
				DAA6077C243E86CA00D0E349 /* SceneDelegate.swift in Sources */,
				DAC5DDAA2454ADF700FFD590 /* GameContext.swift in Sources */,
				DAD4A19D2450CF390061167E /* Character.swift in Sources */,
				DAC5DDA124546A5500FFD590 /* Projectile.swift in Sources */,
				DAD4A1A22450D37E0061167E /* HUDController.swift in Sources */,
				DAF1199C2446452900208974 /* TestGame.swift in Sources */,
			);
			runOnlyForDeploymentPostprocessing = 0;
		};
/* End PBXSourcesBuildPhase section */

/* Begin PBXVariantGroup section */
		DAA6077F243E86CA00D0E349 /* Main.storyboard */ = {
			isa = PBXVariantGroup;
			children = (
				DAA60780243E86CA00D0E349 /* Base */,
			);
			name = Main.storyboard;
			sourceTree = "<group>";
		};
		DAA60784243E86CC00D0E349 /* LaunchScreen.storyboard */ = {
			isa = PBXVariantGroup;
			children = (
				DAA60785243E86CC00D0E349 /* Base */,
			);
			name = LaunchScreen.storyboard;
			sourceTree = "<group>";
		};
/* End PBXVariantGroup section */

/* Begin XCBuildConfiguration section */
		DAA60788243E86CC00D0E349 /* Debug */ = {
			isa = XCBuildConfiguration;
			buildSettings = {
				ALWAYS_SEARCH_USER_PATHS = NO;
				CLANG_ANALYZER_NONNULL = YES;
				CLANG_ANALYZER_NUMBER_OBJECT_CONVERSION = YES_AGGRESSIVE;
				CLANG_CXX_LANGUAGE_STANDARD = "gnu++14";
				CLANG_CXX_LIBRARY = "libc++";
				CLANG_ENABLE_MODULES = YES;
				CLANG_ENABLE_OBJC_ARC = YES;
				CLANG_ENABLE_OBJC_WEAK = YES;
				CLANG_WARN_BLOCK_CAPTURE_AUTORELEASING = YES;
				CLANG_WARN_BOOL_CONVERSION = YES;
				CLANG_WARN_COMMA = YES;
				CLANG_WARN_CONSTANT_CONVERSION = YES;
				CLANG_WARN_DEPRECATED_OBJC_IMPLEMENTATIONS = YES;
				CLANG_WARN_DIRECT_OBJC_ISA_USAGE = YES_ERROR;
				CLANG_WARN_DOCUMENTATION_COMMENTS = YES;
				CLANG_WARN_EMPTY_BODY = YES;
				CLANG_WARN_ENUM_CONVERSION = YES;
				CLANG_WARN_INFINITE_RECURSION = YES;
				CLANG_WARN_INT_CONVERSION = YES;
				CLANG_WARN_NON_LITERAL_NULL_CONVERSION = YES;
				CLANG_WARN_OBJC_IMPLICIT_RETAIN_SELF = YES;
				CLANG_WARN_OBJC_LITERAL_CONVERSION = YES;
				CLANG_WARN_OBJC_ROOT_CLASS = YES_ERROR;
				CLANG_WARN_RANGE_LOOP_ANALYSIS = YES;
				CLANG_WARN_STRICT_PROTOTYPES = YES;
				CLANG_WARN_SUSPICIOUS_MOVE = YES;
				CLANG_WARN_UNGUARDED_AVAILABILITY = YES_AGGRESSIVE;
				CLANG_WARN_UNREACHABLE_CODE = YES;
				CLANG_WARN__DUPLICATE_METHOD_MATCH = YES;
				COPY_PHASE_STRIP = NO;
				DEBUG_INFORMATION_FORMAT = dwarf;
				ENABLE_STRICT_OBJC_MSGSEND = YES;
				ENABLE_TESTABILITY = YES;
				GCC_C_LANGUAGE_STANDARD = gnu11;
				GCC_DYNAMIC_NO_PIC = NO;
				GCC_NO_COMMON_BLOCKS = YES;
				GCC_OPTIMIZATION_LEVEL = 0;
				GCC_PREPROCESSOR_DEFINITIONS = (
					"DEBUG=1",
					"$(inherited)",
				);
				GCC_WARN_64_TO_32_BIT_CONVERSION = YES;
				GCC_WARN_ABOUT_RETURN_TYPE = YES_ERROR;
				GCC_WARN_UNDECLARED_SELECTOR = YES;
				GCC_WARN_UNINITIALIZED_AUTOS = YES_AGGRESSIVE;
				GCC_WARN_UNUSED_FUNCTION = YES;
				GCC_WARN_UNUSED_VARIABLE = YES;
				IPHONEOS_DEPLOYMENT_TARGET = 13.4;
				MTL_ENABLE_DEBUG_INFO = INCLUDE_SOURCE;
				MTL_FAST_MATH = YES;
				ONLY_ACTIVE_ARCH = YES;
				SDKROOT = iphoneos;
				SWIFT_ACTIVE_COMPILATION_CONDITIONS = DEBUG;
				SWIFT_OPTIMIZATION_LEVEL = "-Onone";
			};
			name = Debug;
		};
		DAA60789243E86CC00D0E349 /* Release */ = {
			isa = XCBuildConfiguration;
			buildSettings = {
				ALWAYS_SEARCH_USER_PATHS = NO;
				CLANG_ANALYZER_NONNULL = YES;
				CLANG_ANALYZER_NUMBER_OBJECT_CONVERSION = YES_AGGRESSIVE;
				CLANG_CXX_LANGUAGE_STANDARD = "gnu++14";
				CLANG_CXX_LIBRARY = "libc++";
				CLANG_ENABLE_MODULES = YES;
				CLANG_ENABLE_OBJC_ARC = YES;
				CLANG_ENABLE_OBJC_WEAK = YES;
				CLANG_WARN_BLOCK_CAPTURE_AUTORELEASING = YES;
				CLANG_WARN_BOOL_CONVERSION = YES;
				CLANG_WARN_COMMA = YES;
				CLANG_WARN_CONSTANT_CONVERSION = YES;
				CLANG_WARN_DEPRECATED_OBJC_IMPLEMENTATIONS = YES;
				CLANG_WARN_DIRECT_OBJC_ISA_USAGE = YES_ERROR;
				CLANG_WARN_DOCUMENTATION_COMMENTS = YES;
				CLANG_WARN_EMPTY_BODY = YES;
				CLANG_WARN_ENUM_CONVERSION = YES;
				CLANG_WARN_INFINITE_RECURSION = YES;
				CLANG_WARN_INT_CONVERSION = YES;
				CLANG_WARN_NON_LITERAL_NULL_CONVERSION = YES;
				CLANG_WARN_OBJC_IMPLICIT_RETAIN_SELF = YES;
				CLANG_WARN_OBJC_LITERAL_CONVERSION = YES;
				CLANG_WARN_OBJC_ROOT_CLASS = YES_ERROR;
				CLANG_WARN_RANGE_LOOP_ANALYSIS = YES;
				CLANG_WARN_STRICT_PROTOTYPES = YES;
				CLANG_WARN_SUSPICIOUS_MOVE = YES;
				CLANG_WARN_UNGUARDED_AVAILABILITY = YES_AGGRESSIVE;
				CLANG_WARN_UNREACHABLE_CODE = YES;
				CLANG_WARN__DUPLICATE_METHOD_MATCH = YES;
				COPY_PHASE_STRIP = NO;
				DEBUG_INFORMATION_FORMAT = "dwarf-with-dsym";
				ENABLE_NS_ASSERTIONS = NO;
				ENABLE_STRICT_OBJC_MSGSEND = YES;
				GCC_C_LANGUAGE_STANDARD = gnu11;
				GCC_NO_COMMON_BLOCKS = YES;
				GCC_WARN_64_TO_32_BIT_CONVERSION = YES;
				GCC_WARN_ABOUT_RETURN_TYPE = YES_ERROR;
				GCC_WARN_UNDECLARED_SELECTOR = YES;
				GCC_WARN_UNINITIALIZED_AUTOS = YES_AGGRESSIVE;
				GCC_WARN_UNUSED_FUNCTION = YES;
				GCC_WARN_UNUSED_VARIABLE = YES;
				IPHONEOS_DEPLOYMENT_TARGET = 13.4;
				MTL_ENABLE_DEBUG_INFO = NO;
				MTL_FAST_MATH = YES;
				SDKROOT = iphoneos;
				SWIFT_COMPILATION_MODE = wholemodule;
				SWIFT_OPTIMIZATION_LEVEL = "-O";
				VALIDATE_PRODUCT = YES;
			};
			name = Release;
		};
		DAA6078B243E86CC00D0E349 /* Debug */ = {
			isa = XCBuildConfiguration;
			baseConfigurationReference = 6C916F436360BA940B62254D /* Pods-PixEngine-Test.debug.xcconfig */;
			buildSettings = {
				ASSETCATALOG_COMPILER_APPICON_NAME = AppIcon;
				CODE_SIGN_STYLE = Automatic;
				DEVELOPMENT_TEAM = 2V8DLQ6638;
				INFOPLIST_FILE = "PixEngine-Test/Info.plist";
				LD_RUNPATH_SEARCH_PATHS = (
					"$(inherited)",
					"@executable_path/Frameworks",
				);
				PRODUCT_BUNDLE_IDENTIFIER = com.shivatinker.PixEngineTest;
				PRODUCT_NAME = "$(TARGET_NAME)";
				SWIFT_VERSION = 5.0;
				TARGETED_DEVICE_FAMILY = "1,2";
			};
			name = Debug;
		};
		DAA6078C243E86CC00D0E349 /* Release */ = {
			isa = XCBuildConfiguration;
			baseConfigurationReference = EB223A8A20A15A8A5412B774 /* Pods-PixEngine-Test.release.xcconfig */;
			buildSettings = {
				ASSETCATALOG_COMPILER_APPICON_NAME = AppIcon;
				CODE_SIGN_STYLE = Automatic;
				DEVELOPMENT_TEAM = 2V8DLQ6638;
				INFOPLIST_FILE = "PixEngine-Test/Info.plist";
				LD_RUNPATH_SEARCH_PATHS = (
					"$(inherited)",
					"@executable_path/Frameworks",
				);
				PRODUCT_BUNDLE_IDENTIFIER = com.shivatinker.PixEngineTest;
				PRODUCT_NAME = "$(TARGET_NAME)";
				SWIFT_VERSION = 5.0;
				TARGETED_DEVICE_FAMILY = "1,2";
			};
			name = Release;
		};
/* End XCBuildConfiguration section */

/* Begin XCConfigurationList section */
		DAA60771243E86CA00D0E349 /* Build configuration list for PBXProject "PixeNgine-Test" */ = {
			isa = XCConfigurationList;
			buildConfigurations = (
				DAA60788243E86CC00D0E349 /* Debug */,
				DAA60789243E86CC00D0E349 /* Release */,
			);
			defaultConfigurationIsVisible = 0;
			defaultConfigurationName = Release;
		};
		DAA6078A243E86CC00D0E349 /* Build configuration list for PBXNativeTarget "PixEngine-Test" */ = {
			isa = XCConfigurationList;
			buildConfigurations = (
				DAA6078B243E86CC00D0E349 /* Debug */,
				DAA6078C243E86CC00D0E349 /* Release */,
			);
			defaultConfigurationIsVisible = 0;
			defaultConfigurationName = Release;
		};
/* End XCConfigurationList section */
	};
	rootObject = DAA6076E243E86CA00D0E349 /* Project object */;
}
